
Microsoft Visual Studio Solution File, Format Version 12.00
# Visual Studio 14
VisualStudioVersion = 14.0.24720.0
MinimumVisualStudioVersion = 10.0.40219.1
Project("{2150E333-8FDC-42A3-9474-1A3956D46DE8}") = "Solution Items", "Solution Items", "{82253A13-6BB4-4C9F-8198-50F638EFB3EE}"
	ProjectSection(SolutionItems) = preProject
		Performance1.psess = Performance1.psess
		Performance2.psess = Performance2.psess
		Performance3.psess = Performance3.psess
		Performance4.psess = Performance4.psess
		Performance5.psess = Performance5.psess
	EndProjectSection
EndProject
Project("{2150E333-8FDC-42A3-9474-1A3956D46DE8}") = ".nuget", ".nuget", "{8D74F56B-3B0F-4931-9AF8-A26215B25559}"
	ProjectSection(SolutionItems) = preProject
		.nuget\NuGet.Config = .nuget\NuGet.Config
		.nuget\NuGet.exe = .nuget\NuGet.exe
		.nuget\NuGet.targets = .nuget\NuGet.targets
	EndProjectSection
EndProject
Project("{F2A71F9B-5D33-465A-A702-920D77279786}") = "absyn", "..\absyn\absyn.fsproj", "{13E8984E-188D-447B-B7B7-9F7441050565}"
EndProject
Project("{F2A71F9B-5D33-465A-A702-920D77279786}") = "basic", "..\basic\basic.fsproj", "{E8957DBD-58E7-4CF8-9192-E0A9CFB3867E}"
EndProject
Project("{F2A71F9B-5D33-465A-A702-920D77279786}") = "parser", "..\parser\parser.fsproj", "{9974A6DE-6CA8-44B6-A52E-51FC52932179}"
	ProjectSection(ProjectDependencies) = postProject
		{5BF4AF3F-BEC2-4CFD-94B7-11A38A031F4B} = {5BF4AF3F-BEC2-4CFD-94B7-11A38A031F4B}
	EndProjectSection
EndProject
Project("{F2A71F9B-5D33-465A-A702-920D77279786}") = "fstar", "..\fstar\fstar.fsproj", "{F95B3965-1A6A-4FBF-A079-E849E8EA3FF7}"
	ProjectSection(ProjectDependencies) = postProject
		{670DA3F6-7E41-4C1D-AB17-1F59E0317F52} = {670DA3F6-7E41-4C1D-AB17-1F59E0317F52}
	EndProjectSection
EndProject
Project("{F2A71F9B-5D33-465A-A702-920D77279786}") = "tc", "..\tc\tc.fsproj", "{5BF4AF3F-BEC2-4CFD-94B7-11A38A031F4B}"
EndProject
Project("{F2A71F9B-5D33-465A-A702-920D77279786}") = "format", "..\format\format.fsproj", "{54BC6905-03EE-4AEB-B726-742B6D4FA710}"
EndProject
Project("{F2A71F9B-5D33-465A-A702-920D77279786}") = "tosmt", "..\tosmt\tosmt.fsproj", "{670DA3F6-7E41-4C1D-AB17-1F59E0317F52}"
EndProject
Project("{F2A71F9B-5D33-465A-A702-920D77279786}") = "tests", "..\tests\tests.fsproj", "{5716A290-2899-478B-BEA2-1C59FA088DAD}"
EndProject
Project("{F2A71F9B-5D33-465A-A702-920D77279786}") = "extraction", "..\extraction\extraction.fsproj", "{55398B56-03CF-4E11-ADB0-A4274B7DBB35}"
EndProject
Project("{F2A71F9B-5D33-465A-A702-920D77279786}") = "syntax", "..\syntax\syntax.fsproj", "{D008F256-80AA-4F9C-9C10-DC743D772940}"
EndProject
Project("{F2A71F9B-5D33-465A-A702-920D77279786}") = "typechecker", "..\typechecker\typechecker.fsproj", "{21685793-AC84-4EC1-9EAB-39F9C0252F3F}"
EndProject
Project("{F2A71F9B-5D33-465A-A702-920D77279786}") = "smtencoding", "..\smtencoding\smtencoding.fsproj", "{F6879027-A97F-4857-8F52-CC5641455652}"
EndProject
Project("{F2A71F9B-5D33-465A-A702-920D77279786}") = "fsdoc", "..\fsdoc\fsdoc.fsproj", "{A2300238-CC63-4651-922E-88E7C0201BC9}"
EndProject
Project("{F2A71F9B-5D33-465A-A702-920D77279786}") = "prettyprint", "..\prettyprint\prettyprint.fsproj", "{7DE787B9-E5A4-4288-8E5A-F887C08F8D82}"
EndProject
Global
	GlobalSection(SolutionConfigurationPlatforms) = preSolution
		Debug|Any CPU = Debug|Any CPU
		Release|Any CPU = Release|Any CPU
	EndGlobalSection
	GlobalSection(ProjectConfigurationPlatforms) = postSolution
		{13E8984E-188D-447B-B7B7-9F7441050565}.Debug|Any CPU.ActiveCfg = Debug|Any CPU
		{13E8984E-188D-447B-B7B7-9F7441050565}.Debug|Any CPU.Build.0 = Debug|Any CPU
		{13E8984E-188D-447B-B7B7-9F7441050565}.Release|Any CPU.ActiveCfg = Release|Any CPU
		{13E8984E-188D-447B-B7B7-9F7441050565}.Release|Any CPU.Build.0 = Release|Any CPU
		{E8957DBD-58E7-4CF8-9192-E0A9CFB3867E}.Debug|Any CPU.ActiveCfg = Debug|Any CPU
		{E8957DBD-58E7-4CF8-9192-E0A9CFB3867E}.Debug|Any CPU.Build.0 = Debug|Any CPU
		{E8957DBD-58E7-4CF8-9192-E0A9CFB3867E}.Release|Any CPU.ActiveCfg = Release|Any CPU
		{E8957DBD-58E7-4CF8-9192-E0A9CFB3867E}.Release|Any CPU.Build.0 = Release|Any CPU
		{9974A6DE-6CA8-44B6-A52E-51FC52932179}.Debug|Any CPU.ActiveCfg = Debug|Any CPU
		{9974A6DE-6CA8-44B6-A52E-51FC52932179}.Debug|Any CPU.Build.0 = Debug|Any CPU
		{9974A6DE-6CA8-44B6-A52E-51FC52932179}.Release|Any CPU.ActiveCfg = Release|Any CPU
		{9974A6DE-6CA8-44B6-A52E-51FC52932179}.Release|Any CPU.Build.0 = Release|Any CPU
		{F95B3965-1A6A-4FBF-A079-E849E8EA3FF7}.Debug|Any CPU.ActiveCfg = Debug|Any CPU
		{F95B3965-1A6A-4FBF-A079-E849E8EA3FF7}.Debug|Any CPU.Build.0 = Debug|Any CPU
		{F95B3965-1A6A-4FBF-A079-E849E8EA3FF7}.Release|Any CPU.ActiveCfg = Release|Any CPU
		{F95B3965-1A6A-4FBF-A079-E849E8EA3FF7}.Release|Any CPU.Build.0 = Release|Any CPU
		{5BF4AF3F-BEC2-4CFD-94B7-11A38A031F4B}.Debug|Any CPU.ActiveCfg = Debug|Any CPU
		{5BF4AF3F-BEC2-4CFD-94B7-11A38A031F4B}.Debug|Any CPU.Build.0 = Debug|Any CPU
		{5BF4AF3F-BEC2-4CFD-94B7-11A38A031F4B}.Release|Any CPU.ActiveCfg = Release|Any CPU
		{5BF4AF3F-BEC2-4CFD-94B7-11A38A031F4B}.Release|Any CPU.Build.0 = Release|Any CPU
		{54BC6905-03EE-4AEB-B726-742B6D4FA710}.Debug|Any CPU.ActiveCfg = Debug|Any CPU
		{54BC6905-03EE-4AEB-B726-742B6D4FA710}.Debug|Any CPU.Build.0 = Debug|Any CPU
		{54BC6905-03EE-4AEB-B726-742B6D4FA710}.Release|Any CPU.ActiveCfg = Release|Any CPU
		{54BC6905-03EE-4AEB-B726-742B6D4FA710}.Release|Any CPU.Build.0 = Release|Any CPU
		{670DA3F6-7E41-4C1D-AB17-1F59E0317F52}.Debug|Any CPU.ActiveCfg = Debug|Any CPU
		{670DA3F6-7E41-4C1D-AB17-1F59E0317F52}.Debug|Any CPU.Build.0 = Debug|Any CPU
		{670DA3F6-7E41-4C1D-AB17-1F59E0317F52}.Release|Any CPU.ActiveCfg = Release|Any CPU
		{670DA3F6-7E41-4C1D-AB17-1F59E0317F52}.Release|Any CPU.Build.0 = Release|Any CPU
		{5716A290-2899-478B-BEA2-1C59FA088DAD}.Debug|Any CPU.ActiveCfg = Debug|Any CPU
		{5716A290-2899-478B-BEA2-1C59FA088DAD}.Debug|Any CPU.Build.0 = Debug|Any CPU
		{5716A290-2899-478B-BEA2-1C59FA088DAD}.Release|Any CPU.ActiveCfg = Release|Any CPU
		{5716A290-2899-478B-BEA2-1C59FA088DAD}.Release|Any CPU.Build.0 = Release|Any CPU
		{55398B56-03CF-4E11-ADB0-A4274B7DBB35}.Debug|Any CPU.ActiveCfg = Debug|Any CPU
		{55398B56-03CF-4E11-ADB0-A4274B7DBB35}.Debug|Any CPU.Build.0 = Debug|Any CPU
		{55398B56-03CF-4E11-ADB0-A4274B7DBB35}.Release|Any CPU.ActiveCfg = Release|Any CPU
		{55398B56-03CF-4E11-ADB0-A4274B7DBB35}.Release|Any CPU.Build.0 = Release|Any CPU
		{D008F256-80AA-4F9C-9C10-DC743D772940}.Debug|Any CPU.ActiveCfg = Debug|Any CPU
		{D008F256-80AA-4F9C-9C10-DC743D772940}.Debug|Any CPU.Build.0 = Debug|Any CPU
		{D008F256-80AA-4F9C-9C10-DC743D772940}.Release|Any CPU.ActiveCfg = Release|Any CPU
		{D008F256-80AA-4F9C-9C10-DC743D772940}.Release|Any CPU.Build.0 = Release|Any CPU
		{21685793-AC84-4EC1-9EAB-39F9C0252F3F}.Debug|Any CPU.ActiveCfg = Debug|Any CPU
		{21685793-AC84-4EC1-9EAB-39F9C0252F3F}.Debug|Any CPU.Build.0 = Debug|Any CPU
		{21685793-AC84-4EC1-9EAB-39F9C0252F3F}.Release|Any CPU.ActiveCfg = Release|Any CPU
		{21685793-AC84-4EC1-9EAB-39F9C0252F3F}.Release|Any CPU.Build.0 = Release|Any CPU
		{F6879027-A97F-4857-8F52-CC5641455652}.Debug|Any CPU.ActiveCfg = Debug|Any CPU
		{F6879027-A97F-4857-8F52-CC5641455652}.Debug|Any CPU.Build.0 = Debug|Any CPU
		{F6879027-A97F-4857-8F52-CC5641455652}.Release|Any CPU.ActiveCfg = Release|Any CPU
		{F6879027-A97F-4857-8F52-CC5641455652}.Release|Any CPU.Build.0 = Release|Any CPU
		{A2300238-CC63-4651-922E-88E7C0201BC9}.Debug|Any CPU.ActiveCfg = Debug|Any CPU
		{A2300238-CC63-4651-922E-88E7C0201BC9}.Debug|Any CPU.Build.0 = Debug|Any CPU
		{A2300238-CC63-4651-922E-88E7C0201BC9}.Release|Any CPU.ActiveCfg = Release|Any CPU
		{A2300238-CC63-4651-922E-88E7C0201BC9}.Release|Any CPU.Build.0 = Release|Any CPU
		{7DE787B9-E5A4-4288-8E5A-F887C08F8D82}.Debug|Any CPU.ActiveCfg = Debug|Any CPU
		{7DE787B9-E5A4-4288-8E5A-F887C08F8D82}.Debug|Any CPU.Build.0 = Debug|Any CPU
		{7DE787B9-E5A4-4288-8E5A-F887C08F8D82}.Release|Any CPU.ActiveCfg = Release|Any CPU
		{7DE787B9-E5A4-4288-8E5A-F887C08F8D82}.Release|Any CPU.Build.0 = Release|Any CPU
	EndGlobalSection
	GlobalSection(SolutionProperties) = preSolution
		HideSolutionNode = FALSE
	EndGlobalSection
EndGlobal
