
Microsoft Visual Studio Solution File, Format Version 12.00
# Visual Studio 15
VisualStudioVersion = 15.0.28307.1082
MinimumVisualStudioVersion = 10.0.40219.1
Project("{F2A71F9B-5D33-465A-A702-920D77279786}") = "Huffman", "Huffman\Huffman.fsproj", "{E6B8D1DB-2661-4D48-AB82-40022CC2433C}"
EndProject
Project("{F2A71F9B-5D33-465A-A702-920D77279786}") = "BinarySearch", "BinarySearch\BinarySearch.fsproj", "{61D3430C-B6C9-451A-9A16-890A3EA012C2}"
EndProject
Global
	GlobalSection(SolutionConfigurationPlatforms) = preSolution
		Debug|Any CPU = Debug|Any CPU
		Release|Any CPU = Release|Any CPU
	EndGlobalSection
	GlobalSection(ProjectConfigurationPlatforms) = postSolution
		{E6B8D1DB-2661-4D48-AB82-40022CC2433C}.Debug|Any CPU.ActiveCfg = Debug|Any CPU
		{E6B8D1DB-2661-4D48-AB82-40022CC2433C}.Debug|Any CPU.Build.0 = Debug|Any CPU
		{E6B8D1DB-2661-4D48-AB82-40022CC2433C}.Release|Any CPU.ActiveCfg = Release|Any CPU
		{E6B8D1DB-2661-4D48-AB82-40022CC2433C}.Release|Any CPU.Build.0 = Release|Any CPU
		{61D3430C-B6C9-451A-9A16-890A3EA012C2}.Debug|Any CPU.ActiveCfg = Debug|Any CPU
		{61D3430C-B6C9-451A-9A16-890A3EA012C2}.Debug|Any CPU.Build.0 = Debug|Any CPU
		{61D3430C-B6C9-451A-9A16-890A3EA012C2}.Release|Any CPU.ActiveCfg = Release|Any CPU
		{61D3430C-B6C9-451A-9A16-890A3EA012C2}.Release|Any CPU.Build.0 = Release|Any CPU
	EndGlobalSection
	GlobalSection(SolutionProperties) = preSolution
		HideSolutionNode = FALSE
	EndGlobalSection
	GlobalSection(ExtensibilityGlobals) = postSolution
		SolutionGuid = {44A463F5-AECE-4830-91F1-89DAE651B42B}
	EndGlobalSection
EndGlobal
