name: Update Nix dependencies

on:
  schedule:
    - cron: '0 0 1 * *'

  workflow_dispatch:

jobs:
  update:
  
    runs-on: ubuntu-latest

    steps:
      - name: Checkout
        uses: actions/checkout@v3

      - name: Install Nix
        uses: cachix/install-nix-action@v15

      - name: Update flake.lock
        uses: DeterminateSystems/update-flake-lock@v8
        with:
          commit-msg: "[CI] update flake.lock"
          pr-title: "[CI] Update Nix dependencies"
